# This file is generated by running "yarn install" inside your project.
# Manual changes might be lost - proceed with caution!

__metadata:
  version: 4
  cacheKey: 8

"@types/prop-types@npm:*":
  version: 15.7.3
  resolution: "@types/prop-types@npm:15.7.3"
  checksum: 41831d53c44c9eeafdaf9762bcb4553c13a3bbf990745ed9065a1cc3581b80633113b53fd49b202bf51731b258da5d0a9aa09c9035d5af7f78b0f6bc273f1325
  languageName: node
  linkType: hard

"@types/react-dom@npm:^17.0.7":
  version: 17.0.7
  resolution: "@types/react-dom@npm:17.0.7"
  dependencies:
    "@types/react": "*"
  checksum: 9b2eb0d86dd00bff5e4a9a4d1892f6ef3dd79434acb5d38a45a8bda8a383cff0a3d7bb58d662c2a5352ab7c92145d5736f56f1bd12e1e3a482727c274bf09434
  languageName: node
  linkType: hard

"@types/react@npm:*, @types/react@npm:^17.0.11":
  version: 17.0.11
  resolution: "@types/react@npm:17.0.11"
  dependencies:
    "@types/prop-types": "*"
    "@types/scheduler": "*"
    csstype: ^3.0.2
  checksum: 89e80ee8e08988abca0266e5e131f57b2e18f326bebfa0ed0a06b0bca29621a5a8202d617254a053f659b9c18090c52cae0aa475a6c6036b8858030f1d448e47
  languageName: node
  linkType: hard

"@types/scheduler@npm:*":
  version: 0.16.1
  resolution: "@types/scheduler@npm:0.16.1"
  checksum: 2ff8034df029a6cbb3623b05fa895cac4fc504806a8e948ebe29675a1edfa5ac04faac7611016076b3ffefc2037bbe344ad1978304059b2d4c78e513ec43c7bf
  languageName: node
  linkType: hard

"csstype@npm:^3.0.2":
  version: 3.0.8
  resolution: "csstype@npm:3.0.8"
  checksum: 5939a003858a31a32cbc52a8f45496aa0c2bcb4629b21c5bc14a7ddcac1a3d4adfd655f56843dc14940f60563378e9444af2c9c373b3f212601b9eeb6740b8db
  languageName: node
  linkType: hard

"js-tokens@npm:^3.0.0 || ^4.0.0":
  version: 4.0.0
  resolution: "js-tokens@npm:4.0.0"
  checksum: 8a95213a5a77deb6cbe94d86340e8d9ace2b93bc367790b260101d2f36a2eaf4e4e22d9fa9cf459b38af3a32fb4190e638024cf82ec95ef708680e405ea7cc78
  languageName: node
  linkType: hard

"loose-envify@npm:^1.1.0":
  version: 1.4.0
  resolution: "loose-envify@npm:1.4.0"
  dependencies:
    js-tokens: ^3.0.0 || ^4.0.0
  bin:
    loose-envify: cli.js
  checksum: 6517e24e0cad87ec9888f500c5b5947032cdfe6ef65e1c1936a0c48a524b81e65542c9c3edc91c97d5bddc806ee2a985dbc79be89215d613b1de5db6d1cfe6f4
  languageName: node
  linkType: hard

"object-assign@npm:^4.1.1":
  version: 4.1.1
  resolution: "object-assign@npm:4.1.1"
  checksum: fcc6e4ea8c7fe48abfbb552578b1c53e0d194086e2e6bbbf59e0a536381a292f39943c6e9628af05b5528aa5e3318bb30d6b2e53cadaf5b8fe9e12c4b69af23f
  languageName: node
  linkType: hard

"react-dom@npm:^17.0.2":
  version: 17.0.2
  resolution: "react-dom@npm:17.0.2"
  dependencies:
    loose-envify: ^1.1.0
    object-assign: ^4.1.1
    scheduler: ^0.20.2
  peerDependencies:
    react: 17.0.2
  checksum: 1c1eaa3bca7c7228d24b70932e3d7c99e70d1d04e13bb0843bbf321582bc25d7961d6b8a6978a58a598af2af496d1cedcfb1bf65f6b0960a0a8161cb8dab743c
  languageName: node
  linkType: hard

"react@npm:^17.0.2":
  version: 17.0.2
  resolution: "react@npm:17.0.2"
  dependencies:
    loose-envify: ^1.1.0
    object-assign: ^4.1.1
  checksum: b254cc17ce3011788330f7bbf383ab653c6848902d7936a87b09d835d091e3f295f7e9dd1597c6daac5dc80f90e778c8230218ba8ad599f74adcc11e33b9d61b
  languageName: node
  linkType: hard

"scheduler@npm:^0.20.2":
  version: 0.20.2
  resolution: "scheduler@npm:0.20.2"
  dependencies:
    loose-envify: ^1.1.0
    object-assign: ^4.1.1
  checksum: c4b35cf967c8f0d3e65753252d0f260271f81a81e427241295c5a7b783abf4ea9e905f22f815ab66676f5313be0a25f47be582254db8f9241b259213e999b8fc
  languageName: node
  linkType: hard

"tslib@npm:^2.2.0":
  version: 2.2.0
  resolution: "tslib@npm:2.2.0"
  checksum: a48c9639f7496fa701ea8ffe0561070fcb44c104a59632f7f845c0af00825c99b6373575ec59b2b5cdbfd7505875086dbe5dc83312304d8979f22ce571218ca3
  languageName: node
  linkType: hard

typescript@^4.3.2:
  version: 4.3.2
  resolution: "typescript@npm:4.3.2"
  bin:
    tsc: bin/tsc
    tsserver: bin/tsserver
  checksum: c2a86fa03ce03b255adc13ccd70a55173ca6539ae12114feca59f34a4e9bb69f14fb7cd5adc6c2416e568cff05c870b89d1366768ec55fce04fbdffb429a1cee
  languageName: node
  linkType: hard

"typescript@patch:typescript@^4.3.2#~builtin<compat/typescript>":
  version: 4.3.2
  resolution: "typescript@patch:typescript@npm%3A4.3.2#~builtin<compat/typescript>::version=4.3.2&hash=34ad7d"
  bin:
    tsc: bin/tsc
    tsserver: bin/tsserver
  checksum: c71285d8bc17e0108ae1489a7e906ea606e951d7afc5d141c8889bbdc1c7548c0833b82716b1dd2099321c20b48604309c96c8454831cbcc939966190226d9a2
  languageName: node
  linkType: hard

"yart-template@workspace:.":
  version: 0.0.0-use.local
  resolution: "yart-template@workspace:."
  dependencies:
    "@types/react": ^17.0.11
    "@types/react-dom": ^17.0.7
    react: ^17.0.2
    react-dom: ^17.0.2
    tslib: ^2.2.0
    typescript: ^4.3.2
  languageName: unknown
  linkType: soft
